Microsoft Visual Studio Solution File, Format Version 12.00
# Visual Studio Version 17
VisualStudioVersion = 17.5.2.0
MinimumVisualStudioVersion = 10.0.40219.1
Project("{2150E333-8FDC-42A3-9474-1A3956D46DE8}") = "src", "src", "{827E0CD3-B72D-47B6-A68D-7590B98EB39B}"
EndProject
Project("{FAE04EC0-301F-11D3-BF4B-00C04F79EFBC}") = "Api", "src\Api\Api.csproj", "{A3141D6E-FB1B-A2CB-005C-F2A5AF95587C}"
EndProject
Project("{FAE04EC0-301F-11D3-BF4B-00C04F79EFBC}") = "Client", "src\Client\Client.csproj", "{D5FC3245-908B-4E02-92B4-B0987C5FEA67}"
EndProject
Project("{2150E333-8FDC-42A3-9474-1A3956D46DE8}") = "Shared", "Shared", "{C8E42992-5E42-0C2B-DBFE-AA848D06431C}"
EndProject
Project("{FAE04EC0-301F-11D3-BF4B-00C04F79EFBC}") = "SharedKernel", "src\Shared\SharedKernel\SharedKernel.csproj", "{A0BB38FB-0334-38C2-DD7F-0268DC0AF2D1}"
EndProject
Project("{2150E333-8FDC-42A3-9474-1A3956D46DE8}") = "Notifications", "Notifications", "{69DBE60C-DFBC-9D20-7103-1F645AD05961}"
EndProject
Project("{FAE04EC0-301F-11D3-BF4B-00C04F79EFBC}") = "Notifications.Abstractions", "src\Shared\Notifications.Abstractions\Notifications.Abstractions.csproj", "{2A8DEB10-D7D9-08EA-7DBD-E904F5E88924}"
EndProject
Project("{FAE04EC0-301F-11D3-BF4B-00C04F79EFBC}") = "Notifications.Infrastructure", "src\Modules\Notifications\Notifications.Infrastructure\Notifications.Infrastructure.csproj", "{6EEE7885-3E37-E6F2-6BD3-40F8E8E0C7FF}"
EndProject
Project("{2150E333-8FDC-42A3-9474-1A3956D46DE8}") = "Modules", "Modules", "{EC447DCF-ABFA-6E24-52A5-D7FD48A5C558}"
EndProject
Project("{2150E333-8FDC-42A3-9474-1A3956D46DE8}") = "Notifications", "Notifications", "{D4F8E271-92C3-4A8B-BEA2-5F9D1C0B3A72}"
EndProject
Project("{FAE04EC0-301F-11D3-BF4B-00C04F79EFBC}") = "Notifications.Application", "src\Modules\Notifications\Notifications.Application\Notifications.Application.csproj", "{A2B3C4D5-E6F7-8901-BCDE-F23456789012}"
EndProject
Project("{2150E333-8FDC-42A3-9474-1A3956D46DE8}") = "Identity", "Identity", "{0EC62A1A-9858-3A60-8A0C-FC9AACFA2EC7}"
EndProject
Project("{FAE04EC0-301F-11D3-BF4B-00C04F79EFBC}") = "Identity.Application", "src\Modules\Identity\Identity.Application\Identity.Application.csproj", "{2F538814-4449-2237-3346-29F7E12D141A}"
EndProject
Project("{FAE04EC0-301F-11D3-BF4B-00C04F79EFBC}") = "Identity.Infrastructure", "src\Modules\Identity\Identity.Infrastructure\Identity.Infrastructure.csproj", "{53EC1548-1DD6-AD16-5AA6-7BC006FA5C60}"
EndProject
Project("{FAE04EC0-301F-11D3-BF4B-00C04F79EFBC}") = "Identity.Domain", "src\Modules\Identity\Identity.Domain\Identity.Domain.csproj", "{3215955E-882A-C1A7-2CDA-2A5249A4F772}"
EndProject
Project("{9A19103F-16F7-4668-BE54-9A1E7A4F7556}") = "Identity.Api", "src\Modules\Identity\Identity.Api\Identity.Api.csproj", "{F1B2C3D4-E5F6-7890-ABCD-EF1234567890}"
EndProject
Project("{2150E333-8FDC-42A3-9474-1A3956D46DE8}") = "Todos", "Todos", "{B705D10D-D96B-4A0B-FAD8-38BDFE07B3D6}"
EndProject
Project("{FAE04EC0-301F-11D3-BF4B-00C04F79EFBC}") = "Todos.Infrastructure", "src\Modules\Todos\Todos.Infrastructure\Todos.Infrastructure.csproj", "{BD7497D7-5F0C-B8AF-D944-B13E65979B4C}"
EndProject
Project("{FAE04EC0-301F-11D3-BF4B-00C04F79EFBC}") = "Todos.Application", "src\Modules\Todos\Todos.Application\Todos.Application.csproj", "{37EA6E29-24AB-3248-9BB0-052460BBA8AF}"
EndProject
Project("{FAE04EC0-301F-11D3-BF4B-00C04F79EFBC}") = "Todos.Domain", "src\Modules\Todos\Todos.Domain\Todos.Domain.csproj", "{3A8B9278-E59B-8268-88AD-73FCF3225BE8}"
EndProject
Project("{FAE04EC0-301F-11D3-BF4B-00C04F79EFBC}") = "Todos.Api", "src\Modules\Todos\Todos.Api\Todos.Api.csproj", "{645C19B0-DB8C-423C-9915-2D375BEF435C}"
EndProject
Project("{FAE04EC0-301F-11D3-BF4B-00C04F79EFBC}") = "Notifications.Domain", "src\Modules\Notifications\Notifications.Domain\Notifications.Domain.csproj", "{70D89A3F-DB82-49A3-A21F-819BFB2AA0D8}"
EndProject
Project("{FAE04EC0-301F-11D3-BF4B-00C04F79EFBC}") = "Notifications.Api", "src\Modules\Notifications\Notifications.Api\Notifications.Api.csproj", "{3272853A-5889-4717-B7BA-CB98B173B8AC}"
EndProject
Project("{FAE04EC0-301F-11D3-BF4B-00C04F79EFBC}") = "ServerKernel", "src\Shared\ServerKernel\ServerKernel.csproj", "{CBA093D8-19DB-4C67-9FD9-2ECAD1A8C48A}"
EndProject
Global
	GlobalSection(SolutionConfigurationPlatforms) = preSolution
		Debug|Any CPU = Debug|Any CPU
		Release|Any CPU = Release|Any CPU
	EndGlobalSection
	GlobalSection(ProjectConfigurationPlatforms) = postSolution
		{A3141D6E-FB1B-A2CB-005C-F2A5AF95587C}.Debug|Any CPU.ActiveCfg = Debug|Any CPU
		{A3141D6E-FB1B-A2CB-005C-F2A5AF95587C}.Debug|Any CPU.Build.0 = Debug|Any CPU
		{A3141D6E-FB1B-A2CB-005C-F2A5AF95587C}.Release|Any CPU.ActiveCfg = Release|Any CPU
		{A3141D6E-FB1B-A2CB-005C-F2A5AF95587C}.Release|Any CPU.Build.0 = Release|Any CPU
		{D5FC3245-908B-4E02-92B4-B0987C5FEA67}.Debug|Any CPU.ActiveCfg = Debug|Any CPU
		{D5FC3245-908B-4E02-92B4-B0987C5FEA67}.Debug|Any CPU.Build.0 = Debug|Any CPU
		{D5FC3245-908B-4E02-92B4-B0987C5FEA67}.Release|Any CPU.ActiveCfg = Release|Any CPU
		{D5FC3245-908B-4E02-92B4-B0987C5FEA67}.Release|Any CPU.Build.0 = Release|Any CPU
		{A0BB38FB-0334-38C2-DD7F-0268DC0AF2D1}.Debug|Any CPU.ActiveCfg = Debug|Any CPU
		{A0BB38FB-0334-38C2-DD7F-0268DC0AF2D1}.Debug|Any CPU.Build.0 = Debug|Any CPU
		{A0BB38FB-0334-38C2-DD7F-0268DC0AF2D1}.Release|Any CPU.ActiveCfg = Release|Any CPU
		{A0BB38FB-0334-38C2-DD7F-0268DC0AF2D1}.Release|Any CPU.Build.0 = Release|Any CPU
		{2A8DEB10-D7D9-08EA-7DBD-E904F5E88924}.Debug|Any CPU.ActiveCfg = Debug|Any CPU
		{2A8DEB10-D7D9-08EA-7DBD-E904F5E88924}.Debug|Any CPU.Build.0 = Debug|Any CPU
		{2A8DEB10-D7D9-08EA-7DBD-E904F5E88924}.Release|Any CPU.ActiveCfg = Release|Any CPU
		{2A8DEB10-D7D9-08EA-7DBD-E904F5E88924}.Release|Any CPU.Build.0 = Release|Any CPU
		{6EEE7885-3E37-E6F2-6BD3-40F8E8E0C7FF}.Debug|Any CPU.ActiveCfg = Debug|Any CPU
		{6EEE7885-3E37-E6F2-6BD3-40F8E8E0C7FF}.Debug|Any CPU.Build.0 = Debug|Any CPU
		{6EEE7885-3E37-E6F2-6BD3-40F8E8E0C7FF}.Release|Any CPU.ActiveCfg = Release|Any CPU
		{6EEE7885-3E37-E6F2-6BD3-40F8E8E0C7FF}.Release|Any CPU.Build.0 = Release|Any CPU
		{2F538814-4449-2237-3346-29F7E12D141A}.Debug|Any CPU.ActiveCfg = Debug|Any CPU
		{2F538814-4449-2237-3346-29F7E12D141A}.Debug|Any CPU.Build.0 = Debug|Any CPU
		{2F538814-4449-2237-3346-29F7E12D141A}.Release|Any CPU.ActiveCfg = Release|Any CPU
		{2F538814-4449-2237-3346-29F7E12D141A}.Release|Any CPU.Build.0 = Release|Any CPU
		{53EC1548-1DD6-AD16-5AA6-7BC006FA5C60}.Debug|Any CPU.ActiveCfg = Debug|Any CPU
		{53EC1548-1DD6-AD16-5AA6-7BC006FA5C60}.Debug|Any CPU.Build.0 = Debug|Any CPU
		{53EC1548-1DD6-AD16-5AA6-7BC006FA5C60}.Release|Any CPU.ActiveCfg = Release|Any CPU
		{53EC1548-1DD6-AD16-5AA6-7BC006FA5C60}.Release|Any CPU.Build.0 = Release|Any CPU
		{3215955E-882A-C1A7-2CDA-2A5249A4F772}.Debug|Any CPU.ActiveCfg = Debug|Any CPU
		{3215955E-882A-C1A7-2CDA-2A5249A4F772}.Debug|Any CPU.Build.0 = Debug|Any CPU
		{3215955E-882A-C1A7-2CDA-2A5249A4F772}.Release|Any CPU.ActiveCfg = Release|Any CPU
		{3215955E-882A-C1A7-2CDA-2A5249A4F772}.Release|Any CPU.Build.0 = Release|Any CPU
		{BD7497D7-5F0C-B8AF-D944-B13E65979B4C}.Debug|Any CPU.ActiveCfg = Debug|Any CPU
		{BD7497D7-5F0C-B8AF-D944-B13E65979B4C}.Debug|Any CPU.Build.0 = Debug|Any CPU
		{BD7497D7-5F0C-B8AF-D944-B13E65979B4C}.Release|Any CPU.ActiveCfg = Release|Any CPU
		{BD7497D7-5F0C-B8AF-D944-B13E65979B4C}.Release|Any CPU.Build.0 = Release|Any CPU
		{37EA6E29-24AB-3248-9BB0-052460BBA8AF}.Debug|Any CPU.ActiveCfg = Debug|Any CPU
		{37EA6E29-24AB-3248-9BB0-052460BBA8AF}.Debug|Any CPU.Build.0 = Debug|Any CPU
		{37EA6E29-24AB-3248-9BB0-052460BBA8AF}.Release|Any CPU.ActiveCfg = Release|Any CPU
		{37EA6E29-24AB-3248-9BB0-052460BBA8AF}.Release|Any CPU.Build.0 = Release|Any CPU
		{3A8B9278-E59B-8268-88AD-73FCF3225BE8}.Debug|Any CPU.ActiveCfg = Debug|Any CPU
		{3A8B9278-E59B-8268-88AD-73FCF3225BE8}.Debug|Any CPU.Build.0 = Debug|Any CPU
		{3A8B9278-E59B-8268-88AD-73FCF3225BE8}.Release|Any CPU.ActiveCfg = Release|Any CPU
		{3A8B9278-E59B-8268-88AD-73FCF3225BE8}.Release|Any CPU.Build.0 = Release|Any CPU
		{645C19B0-DB8C-423C-9915-2D375BEF435C}.Debug|Any CPU.ActiveCfg = Debug|Any CPU
		{645C19B0-DB8C-423C-9915-2D375BEF435C}.Debug|Any CPU.Build.0 = Debug|Any CPU
		{645C19B0-DB8C-423C-9915-2D375BEF435C}.Release|Any CPU.ActiveCfg = Release|Any CPU
		{645C19B0-DB8C-423C-9915-2D375BEF435C}.Release|Any CPU.Build.0 = Release|Any CPU
		{F1B2C3D4-E5F6-7890-ABCD-EF1234567890}.Debug|Any CPU.ActiveCfg = Debug|Any CPU
		{F1B2C3D4-E5F6-7890-ABCD-EF1234567890}.Debug|Any CPU.Build.0 = Debug|Any CPU
		{F1B2C3D4-E5F6-7890-ABCD-EF1234567890}.Release|Any CPU.ActiveCfg = Release|Any CPU
		{F1B2C3D4-E5F6-7890-ABCD-EF1234567890}.Release|Any CPU.Build.0 = Release|Any CPU
		{A2B3C4D5-E6F7-8901-BCDE-F23456789012}.Debug|Any CPU.ActiveCfg = Debug|Any CPU
		{A2B3C4D5-E6F7-8901-BCDE-F23456789012}.Debug|Any CPU.Build.0 = Debug|Any CPU
		{A2B3C4D5-E6F7-8901-BCDE-F23456789012}.Release|Any CPU.ActiveCfg = Release|Any CPU
		{A2B3C4D5-E6F7-8901-BCDE-F23456789012}.Release|Any CPU.Build.0 = Release|Any CPU
		{70D89A3F-DB82-49A3-A21F-819BFB2AA0D8}.Debug|Any CPU.ActiveCfg = Debug|Any CPU
		{70D89A3F-DB82-49A3-A21F-819BFB2AA0D8}.Debug|Any CPU.Build.0 = Debug|Any CPU
		{70D89A3F-DB82-49A3-A21F-819BFB2AA0D8}.Release|Any CPU.ActiveCfg = Release|Any CPU
		{70D89A3F-DB82-49A3-A21F-819BFB2AA0D8}.Release|Any CPU.Build.0 = Release|Any CPU
		{3272853A-5889-4717-B7BA-CB98B173B8AC}.Debug|Any CPU.ActiveCfg = Debug|Any CPU
		{3272853A-5889-4717-B7BA-CB98B173B8AC}.Debug|Any CPU.Build.0 = Debug|Any CPU
		{3272853A-5889-4717-B7BA-CB98B173B8AC}.Release|Any CPU.ActiveCfg = Release|Any CPU
		{3272853A-5889-4717-B7BA-CB98B173B8AC}.Release|Any CPU.Build.0 = Release|Any CPU
		{CBA093D8-19DB-4C67-9FD9-2ECAD1A8C48A}.Debug|Any CPU.ActiveCfg = Debug|Any CPU
		{CBA093D8-19DB-4C67-9FD9-2ECAD1A8C48A}.Debug|Any CPU.Build.0 = Debug|Any CPU
		{CBA093D8-19DB-4C67-9FD9-2ECAD1A8C48A}.Release|Any CPU.ActiveCfg = Release|Any CPU
		{CBA093D8-19DB-4C67-9FD9-2ECAD1A8C48A}.Release|Any CPU.Build.0 = Release|Any CPU
	EndGlobalSection
	GlobalSection(SolutionProperties) = preSolution
		HideSolutionNode = FALSE
	EndGlobalSection
	GlobalSection(NestedProjects) = preSolution
		{A3141D6E-FB1B-A2CB-005C-F2A5AF95587C} = {827E0CD3-B72D-47B6-A68D-7590B98EB39B}
		{D5FC3245-908B-4E02-92B4-B0987C5FEA67} = {827E0CD3-B72D-47B6-A68D-7590B98EB39B}
		{C8E42992-5E42-0C2B-DBFE-AA848D06431C} = {827E0CD3-B72D-47B6-A68D-7590B98EB39B}
		{A0BB38FB-0334-38C2-DD7F-0268DC0AF2D1} = {C8E42992-5E42-0C2B-DBFE-AA848D06431C}
		{69DBE60C-DFBC-9D20-7103-1F645AD05961} = {C8E42992-5E42-0C2B-DBFE-AA848D06431C}
		{2A8DEB10-D7D9-08EA-7DBD-E904F5E88924} = {69DBE60C-DFBC-9D20-7103-1F645AD05961}
		{6EEE7885-3E37-E6F2-6BD3-40F8E8E0C7FF} = {D4F8E271-92C3-4A8B-BEA2-5F9D1C0B3A72}
		{70D89A3F-DB82-49A3-A21F-819BFB2AA0D8} = {D4F8E271-92C3-4A8B-BEA2-5F9D1C0B3A72}
		{3272853A-5889-4717-B7BA-CB98B173B8AC} = {D4F8E271-92C3-4A8B-BEA2-5F9D1C0B3A72}
		{D4F8E271-92C3-4A8B-BEA2-5F9D1C0B3A72} = {EC447DCF-ABFA-6E24-52A5-D7FD48A5C558}
		{EC447DCF-ABFA-6E24-52A5-D7FD48A5C558} = {827E0CD3-B72D-47B6-A68D-7590B98EB39B}
		{0EC62A1A-9858-3A60-8A0C-FC9AACFA2EC7} = {EC447DCF-ABFA-6E24-52A5-D7FD48A5C558}
		{2F538814-4449-2237-3346-29F7E12D141A} = {0EC62A1A-9858-3A60-8A0C-FC9AACFA2EC7}
		{53EC1548-1DD6-AD16-5AA6-7BC006FA5C60} = {0EC62A1A-9858-3A60-8A0C-FC9AACFA2EC7}
		{3215955E-882A-C1A7-2CDA-2A5249A4F772} = {0EC62A1A-9858-3A60-8A0C-FC9AACFA2EC7}
		{B705D10D-D96B-4A0B-FAD8-38BDFE07B3D6} = {EC447DCF-ABFA-6E24-52A5-D7FD48A5C558}
		{BD7497D7-5F0C-B8AF-D944-B13E65979B4C} = {B705D10D-D96B-4A0B-FAD8-38BDFE07B3D6}
		{37EA6E29-24AB-3248-9BB0-052460BBA8AF} = {B705D10D-D96B-4A0B-FAD8-38BDFE07B3D6}
		{3A8B9278-E59B-8268-88AD-73FCF3225BE8} = {B705D10D-D96B-4A0B-FAD8-38BDFE07B3D6}
		{645C19B0-DB8C-423C-9915-2D375BEF435C} = {B705D10D-D96B-4A0B-FAD8-38BDFE07B3D6}
		{F1B2C3D4-E5F6-7890-ABCD-EF1234567890} = {0EC62A1A-9858-3A60-8A0C-FC9AACFA2EC7}
		{A2B3C4D5-E6F7-8901-BCDE-F23456789012} = {D4F8E271-92C3-4A8B-BEA2-5F9D1C0B3A72}
		{CBA093D8-19DB-4C67-9FD9-2ECAD1A8C48A} = {C8E42992-5E42-0C2B-DBFE-AA848D06431C}
	EndGlobalSection
	GlobalSection(ExtensibilityGlobals) = postSolution
		SolutionGuid = {C2C2ACDF-FB42-49A9-9D62-C781A6E0E1E9}
	EndGlobalSection
EndGlobal
