
Microsoft Visual Studio Solution File, Format Version 12.00
# Visual Studio Version 17
VisualStudioVersion = 17.0.31903.59
MinimumVisualStudioVersion = 10.0.40219.1
Project("{FAE04EC0-301F-11D3-BF4B-00C04F79EFBC}") = "CMC.Web", "CMC.Web\CMC.Web.csproj", "{AB1D6D52-4E3E-48D2-A8CF-1C32B64C5A6B}"
EndProject
Project("{FAE04EC0-301F-11D3-BF4B-00C04F79EFBC}") = "CMC.Notifications.Abstractions", "CMC.Notifications.Abstractions\CMC.Notifications.Abstractions.csproj", "{9603F8FF-0151-49EA-8E10-D952439C549B}"
EndProject
Project("{FAE04EC0-301F-11D3-BF4B-00C04F79EFBC}") = "CMC.Notifications.Socket", "CMC.Notifications.Socket\CMC.Notifications.Socket.csproj", "{DD530B1F-DFD3-49B4-A755-BEC3C229B08C}"
EndProject
Project("{2150E333-8FDC-42A3-9474-1A3956D46DE8}") = "Modules", "Modules", "{EE298269-C3F1-4D71-9E1D-6EA5A27D6026}"
EndProject
Project("{2150E333-8FDC-42A3-9474-1A3956D46DE8}") = "Todos", "Todos", "{1D253BFC-F7E0-42C6-A431-81124AABC1E3}"
EndProject
Project("{FAE04EC0-301F-11D3-BF4B-00C04F79EFBC}") = "CMC.Todos.Domain", "Modules\Todos\CMC.Todos.Domain\CMC.Todos.Domain.csproj", "{9B006562-DF50-4AEA-8F5A-6E1A16013C38}"
EndProject
Project("{FAE04EC0-301F-11D3-BF4B-00C04F79EFBC}") = "CMC.Todos.Application", "Modules\Todos\CMC.Todos.Application\CMC.Todos.Application.csproj", "{02329CA5-C6EE-4831-AF8B-0CD2D31B50BA}"
EndProject
Project("{FAE04EC0-301F-11D3-BF4B-00C04F79EFBC}") = "CMC.Todos.Infrastructure", "Modules\Todos\CMC.Todos.Infrastructure\CMC.Todos.Infrastructure.csproj", "{FB11C8F4-5E3F-4144-82B6-D234742CB260}"
EndProject
Project("{FAE04EC0-301F-11D3-BF4B-00C04F79EFBC}") = "CMC.Persistence", "CMC.Persistence\CMC.Persistence.csproj", "{83322BE7-CCC8-4F66-8EAF-41B21CF54F6E}"
EndProject
Global
	GlobalSection(SolutionConfigurationPlatforms) = preSolution
		Debug|Any CPU = Debug|Any CPU
		Release|Any CPU = Release|Any CPU
	EndGlobalSection
	GlobalSection(SolutionProperties) = preSolution
		HideSolutionNode = FALSE
	EndGlobalSection
	GlobalSection(ProjectConfigurationPlatforms) = postSolution
		{AB1D6D52-4E3E-48D2-A8CF-1C32B64C5A6B}.Debug|Any CPU.ActiveCfg = Debug|Any CPU
		{AB1D6D52-4E3E-48D2-A8CF-1C32B64C5A6B}.Debug|Any CPU.Build.0 = Debug|Any CPU
		{AB1D6D52-4E3E-48D2-A8CF-1C32B64C5A6B}.Release|Any CPU.ActiveCfg = Release|Any CPU
		{AB1D6D52-4E3E-48D2-A8CF-1C32B64C5A6B}.Release|Any CPU.Build.0 = Release|Any CPU
		{9603F8FF-0151-49EA-8E10-D952439C549B}.Debug|Any CPU.ActiveCfg = Debug|Any CPU
		{9603F8FF-0151-49EA-8E10-D952439C549B}.Debug|Any CPU.Build.0 = Debug|Any CPU
		{9603F8FF-0151-49EA-8E10-D952439C549B}.Release|Any CPU.ActiveCfg = Release|Any CPU
		{9603F8FF-0151-49EA-8E10-D952439C549B}.Release|Any CPU.Build.0 = Release|Any CPU
		{DD530B1F-DFD3-49B4-A755-BEC3C229B08C}.Debug|Any CPU.ActiveCfg = Debug|Any CPU
		{DD530B1F-DFD3-49B4-A755-BEC3C229B08C}.Debug|Any CPU.Build.0 = Debug|Any CPU
		{DD530B1F-DFD3-49B4-A755-BEC3C229B08C}.Release|Any CPU.ActiveCfg = Release|Any CPU
		{DD530B1F-DFD3-49B4-A755-BEC3C229B08C}.Release|Any CPU.Build.0 = Release|Any CPU
		{9B006562-DF50-4AEA-8F5A-6E1A16013C38}.Debug|Any CPU.ActiveCfg = Debug|Any CPU
		{9B006562-DF50-4AEA-8F5A-6E1A16013C38}.Debug|Any CPU.Build.0 = Debug|Any CPU
		{9B006562-DF50-4AEA-8F5A-6E1A16013C38}.Release|Any CPU.ActiveCfg = Release|Any CPU
		{9B006562-DF50-4AEA-8F5A-6E1A16013C38}.Release|Any CPU.Build.0 = Release|Any CPU
		{02329CA5-C6EE-4831-AF8B-0CD2D31B50BA}.Debug|Any CPU.ActiveCfg = Debug|Any CPU
		{02329CA5-C6EE-4831-AF8B-0CD2D31B50BA}.Debug|Any CPU.Build.0 = Debug|Any CPU
		{02329CA5-C6EE-4831-AF8B-0CD2D31B50BA}.Release|Any CPU.ActiveCfg = Release|Any CPU
		{02329CA5-C6EE-4831-AF8B-0CD2D31B50BA}.Release|Any CPU.Build.0 = Release|Any CPU
		{FB11C8F4-5E3F-4144-82B6-D234742CB260}.Debug|Any CPU.ActiveCfg = Debug|Any CPU
		{FB11C8F4-5E3F-4144-82B6-D234742CB260}.Debug|Any CPU.Build.0 = Debug|Any CPU
		{FB11C8F4-5E3F-4144-82B6-D234742CB260}.Release|Any CPU.ActiveCfg = Release|Any CPU
		{FB11C8F4-5E3F-4144-82B6-D234742CB260}.Release|Any CPU.Build.0 = Release|Any CPU
		{83322BE7-CCC8-4F66-8EAF-41B21CF54F6E}.Debug|Any CPU.ActiveCfg = Debug|Any CPU
		{83322BE7-CCC8-4F66-8EAF-41B21CF54F6E}.Debug|Any CPU.Build.0 = Debug|Any CPU
		{83322BE7-CCC8-4F66-8EAF-41B21CF54F6E}.Release|Any CPU.ActiveCfg = Release|Any CPU
		{83322BE7-CCC8-4F66-8EAF-41B21CF54F6E}.Release|Any CPU.Build.0 = Release|Any CPU
	EndGlobalSection
	GlobalSection(NestedProjects) = preSolution
		{1D253BFC-F7E0-42C6-A431-81124AABC1E3} = {EE298269-C3F1-4D71-9E1D-6EA5A27D6026}
		{9B006562-DF50-4AEA-8F5A-6E1A16013C38} = {1D253BFC-F7E0-42C6-A431-81124AABC1E3}
		{02329CA5-C6EE-4831-AF8B-0CD2D31B50BA} = {1D253BFC-F7E0-42C6-A431-81124AABC1E3}
		{FB11C8F4-5E3F-4144-82B6-D234742CB260} = {1D253BFC-F7E0-42C6-A431-81124AABC1E3}
	EndGlobalSection
EndGlobal
